// !$*UTF8*$!
{
	archiveVersion = 1;
	classes = {
	};
	objectVersion = 56;
	objects = {

/* Begin PBXBuildFile section */
		56278B072C42CCBD000BD566 /* MovieCell.swift in Sources */ = {isa = PBXBuildFile; fileRef = 56278B062C42CCBD000BD566 /* MovieCell.swift */; };
		56278B0C2C42CFFD000BD566 /* Dates.swift in Sources */ = {isa = PBXBuildFile; fileRef = 56278B082C42CFFD000BD566 /* Dates.swift */; };
		56278B0D2C42CFFD000BD566 /* movieModel.swift in Sources */ = {isa = PBXBuildFile; fileRef = 56278B092C42CFFD000BD566 /* movieModel.swift */; };
		56278B0E2C42CFFD000BD566 /* Results.swift in Sources */ = {isa = PBXBuildFile; fileRef = 56278B0A2C42CFFD000BD566 /* Results.swift */; };
		56278B102C42D4A1000BD566 /* RatingView.swift in Sources */ = {isa = PBXBuildFile; fileRef = 56278B0F2C42D4A1000BD566 /* RatingView.swift */; };
		56AFF9092C41A4070002E9DC /* AppDelegate.swift in Sources */ = {isa = PBXBuildFile; fileRef = 56AFF9082C41A4070002E9DC /* AppDelegate.swift */; };
		56AFF90B2C41A4070002E9DC /* SceneDelegate.swift in Sources */ = {isa = PBXBuildFile; fileRef = 56AFF90A2C41A4070002E9DC /* SceneDelegate.swift */; };
		56AFF90D2C41A4070002E9DC /* ViewController.swift in Sources */ = {isa = PBXBuildFile; fileRef = 56AFF90C2C41A4070002E9DC /* ViewController.swift */; };
		56AFF9102C41A4070002E9DC /* Base in Resources */ = {isa = PBXBuildFile; fileRef = 56AFF90F2C41A4070002E9DC /* Base */; };
		56AFF9132C41A4070002E9DC /* movie_demo.xcdatamodeld in Sources */ = {isa = PBXBuildFile; fileRef = 56AFF9112C41A4070002E9DC /* movie_demo.xcdatamodeld */; };
		56AFF9152C41A4070002E9DC /* Assets.xcassets in Resources */ = {isa = PBXBuildFile; fileRef = 56AFF9142C41A4070002E9DC /* Assets.xcassets */; };
		56AFF9182C41A4070002E9DC /* Base in Resources */ = {isa = PBXBuildFile; fileRef = 56AFF9172C41A4070002E9DC /* Base */; };
		C97464BB74576226F2D9A911 /* Pods_movie_demo.framework in Frameworks */ = {isa = PBXBuildFile; fileRef = 9A13AB08AE22B19A16E3B017 /* Pods_movie_demo.framework */; };
/* End PBXBuildFile section */

/* Begin PBXFileReference section */
		56278B062C42CCBD000BD566 /* MovieCell.swift */ = {isa = PBXFileReference; fileEncoding = 4; lastKnownFileType = sourcecode.swift; path = MovieCell.swift; sourceTree = "<group>"; };
		56278B082C42CFFD000BD566 /* Dates.swift */ = {isa = PBXFileReference; fileEncoding = 4; lastKnownFileType = sourcecode.swift; path = Dates.swift; sourceTree = "<group>"; };
		56278B092C42CFFD000BD566 /* movieModel.swift */ = {isa = PBXFileReference; fileEncoding = 4; lastKnownFileType = sourcecode.swift; path = movieModel.swift; sourceTree = "<group>"; };
		56278B0A2C42CFFD000BD566 /* Results.swift */ = {isa = PBXFileReference; fileEncoding = 4; lastKnownFileType = sourcecode.swift; path = Results.swift; sourceTree = "<group>"; };
		56278B0F2C42D4A1000BD566 /* RatingView.swift */ = {isa = PBXFileReference; fileEncoding = 4; lastKnownFileType = sourcecode.swift; path = RatingView.swift; sourceTree = "<group>"; };
		56AFF9052C41A4070002E9DC /* movie_demo.app */ = {isa = PBXFileReference; explicitFileType = wrapper.application; includeInIndex = 0; path = movie_demo.app; sourceTree = BUILT_PRODUCTS_DIR; };
		56AFF9082C41A4070002E9DC /* AppDelegate.swift */ = {isa = PBXFileReference; lastKnownFileType = sourcecode.swift; path = AppDelegate.swift; sourceTree = "<group>"; };
		56AFF90A2C41A4070002E9DC /* SceneDelegate.swift */ = {isa = PBXFileReference; lastKnownFileType = sourcecode.swift; path = SceneDelegate.swift; sourceTree = "<group>"; };
		56AFF90C2C41A4070002E9DC /* ViewController.swift */ = {isa = PBXFileReference; lastKnownFileType = sourcecode.swift; path = ViewController.swift; sourceTree = "<group>"; };
		56AFF90F2C41A4070002E9DC /* Base */ = {isa = PBXFileReference; lastKnownFileType = file.storyboard; name = Base; path = Base.lproj/Main.storyboard; sourceTree = "<group>"; };
		56AFF9122C41A4070002E9DC /* movie_demo.xcdatamodel */ = {isa = PBXFileReference; lastKnownFileType = wrapper.xcdatamodel; path = movie_demo.xcdatamodel; sourceTree = "<group>"; };
		56AFF9142C41A4070002E9DC /* Assets.xcassets */ = {isa = PBXFileReference; lastKnownFileType = folder.assetcatalog; path = Assets.xcassets; sourceTree = "<group>"; };
		56AFF9172C41A4070002E9DC /* Base */ = {isa = PBXFileReference; lastKnownFileType = file.storyboard; name = Base; path = Base.lproj/LaunchScreen.storyboard; sourceTree = "<group>"; };
		56AFF9192C41A4070002E9DC /* Info.plist */ = {isa = PBXFileReference; lastKnownFileType = text.plist.xml; path = Info.plist; sourceTree = "<group>"; };
		81FBFB509FC71951C93D7FDB /* Pods-movie_demo.release.xcconfig */ = {isa = PBXFileReference; includeInIndex = 1; lastKnownFileType = text.xcconfig; name = "Pods-movie_demo.release.xcconfig"; path = "Target Support Files/Pods-movie_demo/Pods-movie_demo.release.xcconfig"; sourceTree = "<group>"; };
		9A13AB08AE22B19A16E3B017 /* Pods_movie_demo.framework */ = {isa = PBXFileReference; explicitFileType = wrapper.framework; includeInIndex = 0; path = Pods_movie_demo.framework; sourceTree = BUILT_PRODUCTS_DIR; };
		F6158F7D510C738986D26344 /* Pods-movie_demo.debug.xcconfig */ = {isa = PBXFileReference; includeInIndex = 1; lastKnownFileType = text.xcconfig; name = "Pods-movie_demo.debug.xcconfig"; path = "Target Support Files/Pods-movie_demo/Pods-movie_demo.debug.xcconfig"; sourceTree = "<group>"; };
/* End PBXFileReference section */

/* Begin PBXFrameworksBuildPhase section */
		56AFF9022C41A4070002E9DC /* Frameworks */ = {
			isa = PBXFrameworksBuildPhase;
			buildActionMask = 2147483647;
			files = (
				C97464BB74576226F2D9A911 /* Pods_movie_demo.framework in Frameworks */,
			);
			runOnlyForDeploymentPostprocessing = 0;
		};
/* End PBXFrameworksBuildPhase section */

/* Begin PBXGroup section */
		561A27972C42B77400F98DB5 /* storyboards */ = {
			isa = PBXGroup;
			children = (
				56AFF9162C41A4070002E9DC /* LaunchScreen.storyboard */,
				56AFF90E2C41A4070002E9DC /* Main.storyboard */,
			);
			path = storyboards;
			sourceTree = "<group>";
		};
		56278B0B2C42CFFD000BD566 /* model */ = {
			isa = PBXGroup;
			children = (
				56278B082C42CFFD000BD566 /* Dates.swift */,
				56278B092C42CFFD000BD566 /* movieModel.swift */,
				56278B0A2C42CFFD000BD566 /* Results.swift */,
			);
			path = model;
			sourceTree = "<group>";
		};
		56AFF8FC2C41A4070002E9DC = {
			isa = PBXGroup;
			children = (
				56AFF9072C41A4070002E9DC /* movie_demo */,
				56AFF9062C41A4070002E9DC /* Products */,
				B89206DFD28B832CD9DF217E /* Pods */,
				797281B35A06F20C0CAC5897 /* Frameworks */,
			);
			sourceTree = "<group>";
		};
		56AFF9062C41A4070002E9DC /* Products */ = {
			isa = PBXGroup;
			children = (
				56AFF9052C41A4070002E9DC /* movie_demo.app */,
			);
			name = Products;
			sourceTree = "<group>";
		};
		56AFF9072C41A4070002E9DC /* movie_demo */ = {
			isa = PBXGroup;
			children = (
				56278B0B2C42CFFD000BD566 /* model */,
				561A27972C42B77400F98DB5 /* storyboards */,
				56AFF9082C41A4070002E9DC /* AppDelegate.swift */,
				56AFF90A2C41A4070002E9DC /* SceneDelegate.swift */,
				56AFF90C2C41A4070002E9DC /* ViewController.swift */,
				56278B062C42CCBD000BD566 /* MovieCell.swift */,
				56278B0F2C42D4A1000BD566 /* RatingView.swift */,
				56AFF9142C41A4070002E9DC /* Assets.xcassets */,
				56AFF9192C41A4070002E9DC /* Info.plist */,
				56AFF9112C41A4070002E9DC /* movie_demo.xcdatamodeld */,
			);
			path = movie_demo;
			sourceTree = "<group>";
		};
		797281B35A06F20C0CAC5897 /* Frameworks */ = {
			isa = PBXGroup;
			children = (
				9A13AB08AE22B19A16E3B017 /* Pods_movie_demo.framework */,
			);
			name = Frameworks;
			sourceTree = "<group>";
		};
		B89206DFD28B832CD9DF217E /* Pods */ = {
			isa = PBXGroup;
			children = (
				F6158F7D510C738986D26344 /* Pods-movie_demo.debug.xcconfig */,
				81FBFB509FC71951C93D7FDB /* Pods-movie_demo.release.xcconfig */,
			);
			path = Pods;
			sourceTree = "<group>";
		};
/* End PBXGroup section */

/* Begin PBXNativeTarget section */
		56AFF9042C41A4070002E9DC /* movie_demo */ = {
			isa = PBXNativeTarget;
			buildConfigurationList = 56AFF91C2C41A4070002E9DC /* Build configuration list for PBXNativeTarget "movie_demo" */;
			buildPhases = (
				4C86AC9DA2415EAF022E9BA1 /* [CP] Check Pods Manifest.lock */,
				56AFF9012C41A4070002E9DC /* Sources */,
				56AFF9022C41A4070002E9DC /* Frameworks */,
				56AFF9032C41A4070002E9DC /* Resources */,
				241E1533B3047C785D341282 /* [CP] Embed Pods Frameworks */,
			);
			buildRules = (
			);
			dependencies = (
			);
			name = movie_demo;
			productName = movie_demo;
			productReference = 56AFF9052C41A4070002E9DC /* movie_demo.app */;
			productType = "com.apple.product-type.application";
		};
/* End PBXNativeTarget section */

/* Begin PBXProject section */
		56AFF8FD2C41A4070002E9DC /* Project object */ = {
			isa = PBXProject;
			attributes = {
				BuildIndependentTargetsInParallel = 1;
				LastSwiftUpdateCheck = 1540;
				LastUpgradeCheck = 1540;
				TargetAttributes = {
					56AFF9042C41A4070002E9DC = {
						CreatedOnToolsVersion = 15.4;
					};
				};
			};
			buildConfigurationList = 56AFF9002C41A4070002E9DC /* Build configuration list for PBXProject "movie_demo" */;
			compatibilityVersion = "Xcode 14.0";
			developmentRegion = en;
			hasScannedForEncodings = 0;
			knownRegions = (
				en,
				Base,
			);
			mainGroup = 56AFF8FC2C41A4070002E9DC;
			productRefGroup = 56AFF9062C41A4070002E9DC /* Products */;
			projectDirPath = "";
			projectRoot = "";
			targets = (
				56AFF9042C41A4070002E9DC /* movie_demo */,
			);
		};
/* End PBXProject section */

/* Begin PBXResourcesBuildPhase section */
		56AFF9032C41A4070002E9DC /* Resources */ = {
			isa = PBXResourcesBuildPhase;
			buildActionMask = 2147483647;
			files = (
				56AFF9152C41A4070002E9DC /* Assets.xcassets in Resources */,
				56AFF9182C41A4070002E9DC /* Base in Resources */,
				56AFF9102C41A4070002E9DC /* Base in Resources */,
			);
			runOnlyForDeploymentPostprocessing = 0;
		};
/* End PBXResourcesBuildPhase section */

/* Begin PBXShellScriptBuildPhase section */
		241E1533B3047C785D341282 /* [CP] Embed Pods Frameworks */ = {
			isa = PBXShellScriptBuildPhase;
			buildActionMask = 2147483647;
			files = (
			);
			inputFileListPaths = (
				"${PODS_ROOT}/Target Support Files/Pods-movie_demo/Pods-movie_demo-frameworks-${CONFIGURATION}-input-files.xcfilelist",
			);
			name = "[CP] Embed Pods Frameworks";
			outputFileListPaths = (
				"${PODS_ROOT}/Target Support Files/Pods-movie_demo/Pods-movie_demo-frameworks-${CONFIGURATION}-output-files.xcfilelist",
			);
			runOnlyForDeploymentPostprocessing = 0;
			shellPath = /bin/sh;
			shellScript = "\"${PODS_ROOT}/Target Support Files/Pods-movie_demo/Pods-movie_demo-frameworks.sh\"\n";
			showEnvVarsInLog = 0;
		};
		4C86AC9DA2415EAF022E9BA1 /* [CP] Check Pods Manifest.lock */ = {
			isa = PBXShellScriptBuildPhase;
			buildActionMask = 2147483647;
			files = (
			);
			inputFileListPaths = (
			);
			inputPaths = (
				"${PODS_PODFILE_DIR_PATH}/Podfile.lock",
				"${PODS_ROOT}/Manifest.lock",
			);
			name = "[CP] Check Pods Manifest.lock";
			outputFileListPaths = (
			);
			outputPaths = (
				"$(DERIVED_FILE_DIR)/Pods-movie_demo-checkManifestLockResult.txt",
			);
			runOnlyForDeploymentPostprocessing = 0;
			shellPath = /bin/sh;
			shellScript = "diff \"${PODS_PODFILE_DIR_PATH}/Podfile.lock\" \"${PODS_ROOT}/Manifest.lock\" > /dev/null\nif [ $? != 0 ] ; then\n    # print error to STDERR\n    echo \"error: The sandbox is not in sync with the Podfile.lock. Run 'pod install' or update your CocoaPods installation.\" >&2\n    exit 1\nfi\n# This output is used by Xcode 'outputs' to avoid re-running this script phase.\necho \"SUCCESS\" > \"${SCRIPT_OUTPUT_FILE_0}\"\n";
			showEnvVarsInLog = 0;
		};
/* End PBXShellScriptBuildPhase section */

/* Begin PBXSourcesBuildPhase section */
		56AFF9012C41A4070002E9DC /* Sources */ = {
			isa = PBXSourcesBuildPhase;
			buildActionMask = 2147483647;
			files = (
				56AFF90D2C41A4070002E9DC /* ViewController.swift in Sources */,
				56AFF9092C41A4070002E9DC /* AppDelegate.swift in Sources */,
				56278B0E2C42CFFD000BD566 /* Results.swift in Sources */,
				56278B102C42D4A1000BD566 /* RatingView.swift in Sources */,
				56AFF90B2C41A4070002E9DC /* SceneDelegate.swift in Sources */,
				56278B0C2C42CFFD000BD566 /* Dates.swift in Sources */,
				56278B072C42CCBD000BD566 /* MovieCell.swift in Sources */,
				56278B0D2C42CFFD000BD566 /* movieModel.swift in Sources */,
				56AFF9132C41A4070002E9DC /* movie_demo.xcdatamodeld in Sources */,
			);
			runOnlyForDeploymentPostprocessing = 0;
		};
/* End PBXSourcesBuildPhase section */

/* Begin PBXVariantGroup section */
		56AFF90E2C41A4070002E9DC /* Main.storyboard */ = {
			isa = PBXVariantGroup;
			children = (
				56AFF90F2C41A4070002E9DC /* Base */,
			);
			name = Main.storyboard;
			sourceTree = "<group>";
		};
		56AFF9162C41A4070002E9DC /* LaunchScreen.storyboard */ = {
			isa = PBXVariantGroup;
			children = (
				56AFF9172C41A4070002E9DC /* Base */,
			);
			name = LaunchScreen.storyboard;
			sourceTree = "<group>";
		};
/* End PBXVariantGroup section */

/* Begin XCBuildConfiguration section */
		56AFF91A2C41A4070002E9DC /* Debug */ = {
			isa = XCBuildConfiguration;
			buildSettings = {
				ALWAYS_SEARCH_USER_PATHS = NO;
				ASSETCATALOG_COMPILER_GENERATE_SWIFT_ASSET_SYMBOL_EXTENSIONS = YES;
				CLANG_ANALYZER_NONNULL = YES;
				CLANG_ANALYZER_NUMBER_OBJECT_CONVERSION = YES_AGGRESSIVE;
				CLANG_CXX_LANGUAGE_STANDARD = "gnu++20";
				CLANG_ENABLE_MODULES = YES;
				CLANG_ENABLE_OBJC_ARC = YES;
				CLANG_ENABLE_OBJC_WEAK = YES;
				CLANG_WARN_BLOCK_CAPTURE_AUTORELEASING = YES;
				CLANG_WARN_BOOL_CONVERSION = YES;
				CLANG_WARN_COMMA = YES;
				CLANG_WARN_CONSTANT_CONVERSION = YES;
				CLANG_WARN_DEPRECATED_OBJC_IMPLEMENTATIONS = YES;
				CLANG_WARN_DIRECT_OBJC_ISA_USAGE = YES_ERROR;
				CLANG_WARN_DOCUMENTATION_COMMENTS = YES;
				CLANG_WARN_EMPTY_BODY = YES;
				CLANG_WARN_ENUM_CONVERSION = YES;
				CLANG_WARN_INFINITE_RECURSION = YES;
				CLANG_WARN_INT_CONVERSION = YES;
				CLANG_WARN_NON_LITERAL_NULL_CONVERSION = YES;
				CLANG_WARN_OBJC_IMPLICIT_RETAIN_SELF = YES;
				CLANG_WARN_OBJC_LITERAL_CONVERSION = YES;
				CLANG_WARN_OBJC_ROOT_CLASS = YES_ERROR;
				CLANG_WARN_QUOTED_INCLUDE_IN_FRAMEWORK_HEADER = YES;
				CLANG_WARN_RANGE_LOOP_ANALYSIS = YES;
				CLANG_WARN_STRICT_PROTOTYPES = YES;
				CLANG_WARN_SUSPICIOUS_MOVE = YES;
				CLANG_WARN_UNGUARDED_AVAILABILITY = YES_AGGRESSIVE;
				CLANG_WARN_UNREACHABLE_CODE = YES;
				CLANG_WARN__DUPLICATE_METHOD_MATCH = YES;
				COPY_PHASE_STRIP = NO;
				DEBUG_INFORMATION_FORMAT = dwarf;
				ENABLE_STRICT_OBJC_MSGSEND = YES;
				ENABLE_TESTABILITY = YES;
				ENABLE_USER_SCRIPT_SANDBOXING = NO;
				GCC_C_LANGUAGE_STANDARD = gnu17;
				GCC_DYNAMIC_NO_PIC = NO;
				GCC_NO_COMMON_BLOCKS = YES;
				GCC_OPTIMIZATION_LEVEL = 0;
				GCC_PREPROCESSOR_DEFINITIONS = (
					"DEBUG=1",
					"$(inherited)",
				);
				GCC_WARN_64_TO_32_BIT_CONVERSION = YES;
				GCC_WARN_ABOUT_RETURN_TYPE = YES_ERROR;
				GCC_WARN_UNDECLARED_SELECTOR = YES;
				GCC_WARN_UNINITIALIZED_AUTOS = YES_AGGRESSIVE;
				GCC_WARN_UNUSED_FUNCTION = YES;
				GCC_WARN_UNUSED_VARIABLE = YES;
				IPHONEOS_DEPLOYMENT_TARGET = 17.5;
				LOCALIZATION_PREFERS_STRING_CATALOGS = YES;
				MTL_ENABLE_DEBUG_INFO = INCLUDE_SOURCE;
				MTL_FAST_MATH = YES;
				ONLY_ACTIVE_ARCH = YES;
				SDKROOT = iphoneos;
				SWIFT_ACTIVE_COMPILATION_CONDITIONS = "DEBUG $(inherited)";
				SWIFT_OPTIMIZATION_LEVEL = "-Onone";
			};
			name = Debug;
		};
		56AFF91B2C41A4070002E9DC /* Release */ = {
			isa = XCBuildConfiguration;
			buildSettings = {
				ALWAYS_SEARCH_USER_PATHS = NO;
				ASSETCATALOG_COMPILER_GENERATE_SWIFT_ASSET_SYMBOL_EXTENSIONS = YES;
				CLANG_ANALYZER_NONNULL = YES;
				CLANG_ANALYZER_NUMBER_OBJECT_CONVERSION = YES_AGGRESSIVE;
				CLANG_CXX_LANGUAGE_STANDARD = "gnu++20";
				CLANG_ENABLE_MODULES = YES;
				CLANG_ENABLE_OBJC_ARC = YES;
				CLANG_ENABLE_OBJC_WEAK = YES;
				CLANG_WARN_BLOCK_CAPTURE_AUTORELEASING = YES;
				CLANG_WARN_BOOL_CONVERSION = YES;
				CLANG_WARN_COMMA = YES;
				CLANG_WARN_CONSTANT_CONVERSION = YES;
				CLANG_WARN_DEPRECATED_OBJC_IMPLEMENTATIONS = YES;
				CLANG_WARN_DIRECT_OBJC_ISA_USAGE = YES_ERROR;
				CLANG_WARN_DOCUMENTATION_COMMENTS = YES;
				CLANG_WARN_EMPTY_BODY = YES;
				CLANG_WARN_ENUM_CONVERSION = YES;
				CLANG_WARN_INFINITE_RECURSION = YES;
				CLANG_WARN_INT_CONVERSION = YES;
				CLANG_WARN_NON_LITERAL_NULL_CONVERSION = YES;
				CLANG_WARN_OBJC_IMPLICIT_RETAIN_SELF = YES;
				CLANG_WARN_OBJC_LITERAL_CONVERSION = YES;
				CLANG_WARN_OBJC_ROOT_CLASS = YES_ERROR;
				CLANG_WARN_QUOTED_INCLUDE_IN_FRAMEWORK_HEADER = YES;
				CLANG_WARN_RANGE_LOOP_ANALYSIS = YES;
				CLANG_WARN_STRICT_PROTOTYPES = YES;
				CLANG_WARN_SUSPICIOUS_MOVE = YES;
				CLANG_WARN_UNGUARDED_AVAILABILITY = YES_AGGRESSIVE;
				CLANG_WARN_UNREACHABLE_CODE = YES;
				CLANG_WARN__DUPLICATE_METHOD_MATCH = YES;
				COPY_PHASE_STRIP = NO;
				DEBUG_INFORMATION_FORMAT = "dwarf-with-dsym";
				ENABLE_NS_ASSERTIONS = NO;
				ENABLE_STRICT_OBJC_MSGSEND = YES;
				ENABLE_USER_SCRIPT_SANDBOXING = NO;
				GCC_C_LANGUAGE_STANDARD = gnu17;
				GCC_NO_COMMON_BLOCKS = YES;
				GCC_WARN_64_TO_32_BIT_CONVERSION = YES;
				GCC_WARN_ABOUT_RETURN_TYPE = YES_ERROR;
				GCC_WARN_UNDECLARED_SELECTOR = YES;
				GCC_WARN_UNINITIALIZED_AUTOS = YES_AGGRESSIVE;
				GCC_WARN_UNUSED_FUNCTION = YES;
				GCC_WARN_UNUSED_VARIABLE = YES;
				IPHONEOS_DEPLOYMENT_TARGET = 17.5;
				LOCALIZATION_PREFERS_STRING_CATALOGS = YES;
				MTL_ENABLE_DEBUG_INFO = NO;
				MTL_FAST_MATH = YES;
				SDKROOT = iphoneos;
				SWIFT_COMPILATION_MODE = wholemodule;
				VALIDATE_PRODUCT = YES;
			};
			name = Release;
		};
		56AFF91D2C41A4070002E9DC /* Debug */ = {
			isa = XCBuildConfiguration;
			baseConfigurationReference = F6158F7D510C738986D26344 /* Pods-movie_demo.debug.xcconfig */;
			buildSettings = {
				ASSETCATALOG_COMPILER_APPICON_NAME = AppIcon;
				ASSETCATALOG_COMPILER_GLOBAL_ACCENT_COLOR_NAME = AccentColor;
				CODE_SIGN_STYLE = Automatic;
				CURRENT_PROJECT_VERSION = 1;
				GENERATE_INFOPLIST_FILE = YES;
				INFOPLIST_FILE = movie_demo/Info.plist;
				INFOPLIST_KEY_UIApplicationSupportsIndirectInputEvents = YES;
				INFOPLIST_KEY_UILaunchStoryboardName = LaunchScreen;
				INFOPLIST_KEY_UIMainStoryboardFile = Main;
				INFOPLIST_KEY_UISupportedInterfaceOrientations_iPad = "UIInterfaceOrientationPortrait UIInterfaceOrientationPortraitUpsideDown UIInterfaceOrientationLandscapeLeft UIInterfaceOrientationLandscapeRight";
				INFOPLIST_KEY_UISupportedInterfaceOrientations_iPhone = "UIInterfaceOrientationPortrait UIInterfaceOrientationLandscapeLeft UIInterfaceOrientationLandscapeRight";
				LD_RUNPATH_SEARCH_PATHS = (
					"$(inherited)",
					"@executable_path/Frameworks",
				);
				MARKETING_VERSION = 1.0;
				PRODUCT_BUNDLE_IDENTIFIER = "com.jp.movie-demo";
				PRODUCT_NAME = "$(TARGET_NAME)";
				SWIFT_EMIT_LOC_STRINGS = YES;
				SWIFT_VERSION = 5.0;
				TARGETED_DEVICE_FAMILY = "1,2";
			};
			name = Debug;
		};
		56AFF91E2C41A4070002E9DC /* Release */ = {
			isa = XCBuildConfiguration;
			baseConfigurationReference = 81FBFB509FC71951C93D7FDB /* Pods-movie_demo.release.xcconfig */;
			buildSettings = {
				ASSETCATALOG_COMPILER_APPICON_NAME = AppIcon;
				ASSETCATALOG_COMPILER_GLOBAL_ACCENT_COLOR_NAME = AccentColor;
				CODE_SIGN_STYLE = Automatic;
				CURRENT_PROJECT_VERSION = 1;
				GENERATE_INFOPLIST_FILE = YES;
				INFOPLIST_FILE = movie_demo/Info.plist;
				INFOPLIST_KEY_UIApplicationSupportsIndirectInputEvents = YES;
				INFOPLIST_KEY_UILaunchStoryboardName = LaunchScreen;
				INFOPLIST_KEY_UIMainStoryboardFile = Main;
				INFOPLIST_KEY_UISupportedInterfaceOrientations_iPad = "UIInterfaceOrientationPortrait UIInterfaceOrientationPortraitUpsideDown UIInterfaceOrientationLandscapeLeft UIInterfaceOrientationLandscapeRight";
				INFOPLIST_KEY_UISupportedInterfaceOrientations_iPhone = "UIInterfaceOrientationPortrait UIInterfaceOrientationLandscapeLeft UIInterfaceOrientationLandscapeRight";
				LD_RUNPATH_SEARCH_PATHS = (
					"$(inherited)",
					"@executable_path/Frameworks",
				);
				MARKETING_VERSION = 1.0;
				PRODUCT_BUNDLE_IDENTIFIER = "com.jp.movie-demo";
				PRODUCT_NAME = "$(TARGET_NAME)";
				SWIFT_EMIT_LOC_STRINGS = YES;
				SWIFT_VERSION = 5.0;
				TARGETED_DEVICE_FAMILY = "1,2";
			};
			name = Release;
		};
/* End XCBuildConfiguration section */

/* Begin XCConfigurationList section */
		56AFF9002C41A4070002E9DC /* Build configuration list for PBXProject "movie_demo" */ = {
			isa = XCConfigurationList;
			buildConfigurations = (
				56AFF91A2C41A4070002E9DC /* Debug */,
				56AFF91B2C41A4070002E9DC /* Release */,
			);
			defaultConfigurationIsVisible = 0;
			defaultConfigurationName = Release;
		};
		56AFF91C2C41A4070002E9DC /* Build configuration list for PBXNativeTarget "movie_demo" */ = {
			isa = XCConfigurationList;
			buildConfigurations = (
				56AFF91D2C41A4070002E9DC /* Debug */,
				56AFF91E2C41A4070002E9DC /* Release */,
			);
			defaultConfigurationIsVisible = 0;
			defaultConfigurationName = Release;
		};
/* End XCConfigurationList section */

/* Begin XCVersionGroup section */
		56AFF9112C41A4070002E9DC /* movie_demo.xcdatamodeld */ = {
			isa = XCVersionGroup;
			children = (
				56AFF9122C41A4070002E9DC /* movie_demo.xcdatamodel */,
			);
			currentVersion = 56AFF9122C41A4070002E9DC /* movie_demo.xcdatamodel */;
			path = movie_demo.xcdatamodeld;
			sourceTree = "<group>";
			versionGroupType = wrapper.xcdatamodel;
		};
/* End XCVersionGroup section */
	};
	rootObject = 56AFF8FD2C41A4070002E9DC /* Project object */;
}
